{
  "name": "aviai-frontend",
  "lockfileVersion": 3,
  "requires": true,
  "packages": {
    "": {
      "dependencies": {
        "@lexical/list": "^0.34.0"
      }
    },
    "node_modules/@lexical/clipboard": {
      "version": "0.34.0",
      "resolved": "https://registry.npmjs.org/@lexical/clipboard/-/clipboard-0.34.0.tgz",
      "integrity": "sha512-u0Jx6Lncb3AKW/BrCfI7E2mhlTT0eCp2bR1hefHnKHo2LIxil4QHg4gtj+DWTxG2vkZVQvvsrGgiC+SX8Va81A==",
      "dependencies": {
        "@lexical/html": "0.34.0",
        "@lexical/list": "0.34.0",
        "@lexical/selection": "0.34.0",
        "@lexical/utils": "0.34.0",
        "lexical": "0.34.0"
      }
    },
    "node_modules/@lexical/html": {
      "version": "0.34.0",
      "resolved": "https://registry.npmjs.org/@lexical/html/-/html-0.34.0.tgz",
      "integrity": "sha512-QoFm2P9PSFadInMCFGKJBQI8M2EPUjG6fGf+mUQG9WgX7gIAvTDr21lzUM+dNGtrBwtYxUSQizmUx1NeP6ShyQ==",
      "dependencies": {
        "@lexical/selection": "0.34.0",
        "@lexical/utils": "0.34.0",
        "lexical": "0.34.0"
      }
    },
    "node_modules/@lexical/list": {
      "version": "0.34.0",
      "resolved": "https://registry.npmjs.org/@lexical/list/-/list-0.34.0.tgz",
      "integrity": "sha512-AVhkts0WMqfUZJsJIvw7wJXKtMF0AiUT8TdEeGS6G57AvcZgH+NXiHuTiqfLLYrezZ4NWDTu70M6WJkNd7LEng==",
      "dependencies": {
        "@lexical/selection": "0.34.0",
        "@lexical/utils": "0.34.0",
        "lexical": "0.34.0"
      }
    },
    "node_modules/@lexical/selection": {
      "version": "0.34.0",
      "resolved": "https://registry.npmjs.org/@lexical/selection/-/selection-0.34.0.tgz",
      "integrity": "sha512-qnnNdAihfsKxPJNK6s3crsZumCyvIPclbdNzC9xMWXFjAKvt1EPMnptD7Dy//DvA5nK/e/9qKCZQ+2kgxwsZiw==",
      "dependencies": {
        "lexical": "0.34.0"
      }
    },
    "node_modules/@lexical/table": {
      "version": "0.34.0",
      "resolved": "https://registry.npmjs.org/@lexical/table/-/table-0.34.0.tgz",
      "integrity": "sha512-MzH0OREk4zIzkDNuiSBZEDBzazEKOh9X9koQcgClySOEqL/86DEPwoDuB5h1P4oTMRlzPzyKeZhksKNoY4QoBQ==",
      "dependencies": {
        "@lexical/clipboard": "0.34.0",
        "@lexical/utils": "0.34.0",
        "lexical": "0.34.0"
      }
    },
    "node_modules/@lexical/utils": {
      "version": "0.34.0",
      "resolved": "https://registry.npmjs.org/@lexical/utils/-/utils-0.34.0.tgz",
      "integrity": "sha512-rLP1WTZFk+o3d4PiKkxs76ifj7q01PjqjbZjcvUyPxjL3ca5oL1iwPU3QqXXNSNrhnJ9oQoaI7fCeA7p+9/KSw==",
      "dependencies": {
        "@lexical/list": "0.34.0",
        "@lexical/selection": "0.34.0",
        "@lexical/table": "0.34.0",
        "lexical": "0.34.0"
      }
    },
    "node_modules/lexical": {
      "version": "0.34.0",
      "resolved": "https://registry.npmjs.org/lexical/-/lexical-0.34.0.tgz",
      "integrity": "sha512-oqQ87i49oGRt8u9qIXow+fWeqN6luRMtYAa1GAx1l9AaR3A8Tfrgnmj2+13ej6CMPK6JunKaUXbd+7FDy+s8XQ=="
    }
  }
}
